
Microsoft Visual Studio Solution File, Format Version 12.00
# Visual Studio Version 17
VisualStudioVersion = 17.14.36203.30
MinimumVisualStudioVersion = 10.0.40219.1
Project("{FAE04EC0-301F-11D3-BF4B-00C04F79EFBC}") = "BusinessManager", "BusinessManager\BusinessManager.csproj", "{148DD5B5-931F-4947-9D94-AEC7F8F3D616}"
EndProject
Project("{2150E333-8FDC-42A3-9474-1A3956D46DE8}") = "Solution Items", "Solution Items", "{8EC462FD-D22E-90A8-E5CE-7E832BA40C5D}"
	ProjectSection(SolutionItems) = preProject
		.gitignore = .gitignore
	EndProjectSection
EndProject
Global
	GlobalSection(SolutionConfigurationPlatforms) = preSolution
		Debug|Any CPU = Debug|Any CPU
		Release|Any CPU = Release|Any CPU
	EndGlobalSection
	GlobalSection(ProjectConfigurationPlatforms) = postSolution
		{148DD5B5-931F-4947-9D94-AEC7F8F3D616}.Debug|Any CPU.ActiveCfg = Debug|Any CPU
		{148DD5B5-931F-4947-9D94-AEC7F8F3D616}.Debug|Any CPU.Build.0 = Debug|Any CPU
		{148DD5B5-931F-4947-9D94-AEC7F8F3D616}.Release|Any CPU.ActiveCfg = Release|Any CPU
		{148DD5B5-931F-4947-9D94-AEC7F8F3D616}.Release|Any CPU.Build.0 = Release|Any CPU
	EndGlobalSection
	GlobalSection(SolutionProperties) = preSolution
		HideSolutionNode = FALSE
	EndGlobalSection
	GlobalSection(ExtensibilityGlobals) = postSolution
		SolutionGuid = {C4749BC9-D4ED-4C31-A9D0-B669BBEA5509}
	EndGlobalSection
EndGlobal
